
Microsoft Visual Studio Solution File, Format Version 12.00
# Visual Studio Version 17
VisualStudioVersion = 17.8.34316.72
MinimumVisualStudioVersion = 10.0.40219.1
Project("{FAE04EC0-301F-11D3-BF4B-00C04F79EFBC}") = "WebApi", "WebApi\WebApi.csproj", "{8A4C04A4-61DA-429C-9136-EE0C41E795BC}"
EndProject
Project("{FAE04EC0-301F-11D3-BF4B-00C04F79EFBC}") = "Business", "Business\Business.csproj", "{6BCF9375-27CA-47B2-9147-185DADB81E53}"
EndProject
Project("{FAE04EC0-301F-11D3-BF4B-00C04F79EFBC}") = "DataAcces", "DataAcces\DataAcces.csproj", "{00895926-588E-4B20-84C2-2A977EE146AE}"
EndProject
Project("{FAE04EC0-301F-11D3-BF4B-00C04F79EFBC}") = "Entities", "Entities\Entities.csproj", "{B6804C0E-DE39-4C65-AD3D-974589D05904}"
EndProject
Project("{FAE04EC0-301F-11D3-BF4B-00C04F79EFBC}") = "Core", "Core\Core.csproj", "{E9D720C3-25B0-449D-A7E0-5E13AD543FC2}"
EndProject
Global
	GlobalSection(SolutionConfigurationPlatforms) = preSolution
		Debug|Any CPU = Debug|Any CPU
		Release|Any CPU = Release|Any CPU
	EndGlobalSection
	GlobalSection(ProjectConfigurationPlatforms) = postSolution
		{8A4C04A4-61DA-429C-9136-EE0C41E795BC}.Debug|Any CPU.ActiveCfg = Debug|Any CPU
		{8A4C04A4-61DA-429C-9136-EE0C41E795BC}.Debug|Any CPU.Build.0 = Debug|Any CPU
		{8A4C04A4-61DA-429C-9136-EE0C41E795BC}.Release|Any CPU.ActiveCfg = Release|Any CPU
		{8A4C04A4-61DA-429C-9136-EE0C41E795BC}.Release|Any CPU.Build.0 = Release|Any CPU
		{6BCF9375-27CA-47B2-9147-185DADB81E53}.Debug|Any CPU.ActiveCfg = Debug|Any CPU
		{6BCF9375-27CA-47B2-9147-185DADB81E53}.Debug|Any CPU.Build.0 = Debug|Any CPU
		{6BCF9375-27CA-47B2-9147-185DADB81E53}.Release|Any CPU.ActiveCfg = Release|Any CPU
		{6BCF9375-27CA-47B2-9147-185DADB81E53}.Release|Any CPU.Build.0 = Release|Any CPU
		{00895926-588E-4B20-84C2-2A977EE146AE}.Debug|Any CPU.ActiveCfg = Debug|Any CPU
		{00895926-588E-4B20-84C2-2A977EE146AE}.Debug|Any CPU.Build.0 = Debug|Any CPU
		{00895926-588E-4B20-84C2-2A977EE146AE}.Release|Any CPU.ActiveCfg = Release|Any CPU
		{00895926-588E-4B20-84C2-2A977EE146AE}.Release|Any CPU.Build.0 = Release|Any CPU
		{B6804C0E-DE39-4C65-AD3D-974589D05904}.Debug|Any CPU.ActiveCfg = Debug|Any CPU
		{B6804C0E-DE39-4C65-AD3D-974589D05904}.Debug|Any CPU.Build.0 = Debug|Any CPU
		{B6804C0E-DE39-4C65-AD3D-974589D05904}.Release|Any CPU.ActiveCfg = Release|Any CPU
		{B6804C0E-DE39-4C65-AD3D-974589D05904}.Release|Any CPU.Build.0 = Release|Any CPU
		{E9D720C3-25B0-449D-A7E0-5E13AD543FC2}.Debug|Any CPU.ActiveCfg = Debug|Any CPU
		{E9D720C3-25B0-449D-A7E0-5E13AD543FC2}.Debug|Any CPU.Build.0 = Debug|Any CPU
		{E9D720C3-25B0-449D-A7E0-5E13AD543FC2}.Release|Any CPU.ActiveCfg = Release|Any CPU
		{E9D720C3-25B0-449D-A7E0-5E13AD543FC2}.Release|Any CPU.Build.0 = Release|Any CPU
	EndGlobalSection
	GlobalSection(SolutionProperties) = preSolution
		HideSolutionNode = FALSE
	EndGlobalSection
	GlobalSection(ExtensibilityGlobals) = postSolution
		SolutionGuid = {ECA7A903-220D-4261-9FD4-8EB4E32C7AE2}
	EndGlobalSection
EndGlobal
